# This file is automatically @generated by Wally.
# It is not intended for manual editing.
registry = "test"

[[package]]
name = "csqrl/sift"
version = "0.0.3"
dependencies = []

[[package]]
name = "evaera/cmdr"
version = "1.9.0"
dependencies = []

[[package]]
name = "evaera/promise"
version = "3.2.1"
dependencies = []

[[package]]
name = "grilme99/profileservice"
version = "1.0.0"
dependencies = []

[[package]]
name = "howmanysmall/datastructures"
version = "1.1.1"
dependencies = []

[[package]]
name = "howmanysmall/janitor"
version = "1.15.1"
dependencies = []

[[package]]
name = "legendoj1/zoneplus"
version = "3.2.2"
dependencies = []

[[package]]
name = "osyrisrblx/t"
version = "3.0.0"
dependencies = []

[[package]]
name = "pluviolithic/horror-simulator"
version = "1.0.0"
dependencies = [["Datastructures", "howmanysmall/datastructures@1.1.1"], ["Immut", "solarhorizon/immut@0.4.4"], ["Janitor", "howmanysmall/janitor@1.15.1"], ["Net", "vorlias/net@3.0.4"], ["Promise", "evaera/promise@3.2.1"], ["Rodux", "roblox/rodux@4.0.0-rc.0"], ["Sift", "csqrl/sift@0.0.3"], ["ZonePlus", "legendoj1/zoneplus@3.2.2"], ["t", "osyrisrblx/t@3.0.0"]]

[[package]]
name = "roblox/rodux"
version = "4.0.0-rc.0"
dependencies = []

[[package]]
name = "solarhorizon/immut"
version = "0.4.4"
dependencies = []

[[package]]
name = "vorlias/net"
version = "3.0.4"
dependencies = []
